// !$*UTF8*$!
{
	archiveVersion = 1;
	classes = {
	};
	objectVersion = 52;
	objects = {

/* Begin PBXBuildFile section */
		DF0A09FE2339BBC700A7360D /* Alamofire in Frameworks */ = {isa = PBXBuildFile; productRef = DF0A09FD2339BBC700A7360D /* Alamofire */; };
		DF0A0A012339BBF700A7360D /* AlamofireImage in Frameworks */ = {isa = PBXBuildFile; productRef = DF0A0A002339BBF700A7360D /* AlamofireImage */; };
		DF0A0A042339BCC700A7360D /* SWXMLHash in Frameworks */ = {isa = PBXBuildFile; productRef = DF0A0A032339BCC700A7360D /* SWXMLHash */; };
		DF0A0A072339BCF400A7360D /* Material in Frameworks */ = {isa = PBXBuildFile; productRef = DF0A0A062339BCF400A7360D /* Material */; };
		DF0A0A0A2339BD1600A7360D /* Motion in Frameworks */ = {isa = PBXBuildFile; productRef = DF0A0A092339BD1600A7360D /* Motion */; };
		DF0A0A0D2339BD6E00A7360D /* PMKAlamofire in Frameworks */ = {isa = PBXBuildFile; productRef = DF0A0A0C2339BD6E00A7360D /* PMKAlamofire */; };
		DF25A8AF20BCEB3E009264B8 /* FilterDescriptionView.swift in Sources */ = {isa = PBXBuildFile; fileRef = DF25A8AE20BCEB3E009264B8 /* FilterDescriptionView.swift */; };
		DF3B1B211F003E4F00E4E8F7 /* AppDelegate.swift in Sources */ = {isa = PBXBuildFile; fileRef = DF3B1B201F003E4F00E4E8F7 /* AppDelegate.swift */; };
		DF3B1B231F003E4F00E4E8F7 /* ViewController.swift in Sources */ = {isa = PBXBuildFile; fileRef = DF3B1B221F003E4F00E4E8F7 /* ViewController.swift */; };
		DF3B1B261F003E4F00E4E8F7 /* Main.storyboard in Resources */ = {isa = PBXBuildFile; fileRef = DF3B1B241F003E4F00E4E8F7 /* Main.storyboard */; };
		DF3B1B2B1F003E4F00E4E8F7 /* Assets.xcassets in Resources */ = {isa = PBXBuildFile; fileRef = DF3B1B2A1F003E4F00E4E8F7 /* Assets.xcassets */; };
		DF3B1B2E1F003E4F00E4E8F7 /* LaunchScreen.storyboard in Resources */ = {isa = PBXBuildFile; fileRef = DF3B1B2C1F003E4F00E4E8F7 /* LaunchScreen.storyboard */; };
		DF3B1B391F003E4F00E4E8F7 /* WhatToPlayTests.swift in Sources */ = {isa = PBXBuildFile; fileRef = DF3B1B381F003E4F00E4E8F7 /* WhatToPlayTests.swift */; };
		DF3B1B441F003E4F00E4E8F7 /* WhatToPlayUITests.swift in Sources */ = {isa = PBXBuildFile; fileRef = DF3B1B431F003E4F00E4E8F7 /* WhatToPlayUITests.swift */; };
		DF3B1B591F0041BF00E4E8F7 /* BoardGameGeekAPI.swift in Sources */ = {isa = PBXBuildFile; fileRef = DF3B1B581F0041BF00E4E8F7 /* BoardGameGeekAPI.swift */; };
		DF622F091F6A1090003BE61E /* MockCollection.txt in Resources */ = {isa = PBXBuildFile; fileRef = DF622F081F6A1090003BE61E /* MockCollection.txt */; };
		DF816ABC1F8B0ED30037ADA9 /* GameViewController.swift in Sources */ = {isa = PBXBuildFile; fileRef = DF816ABB1F8B0ED30037ADA9 /* GameViewController.swift */; };
		DF8582551F677A7000543AB8 /* PlayerCountFilter.swift in Sources */ = {isa = PBXBuildFile; fileRef = DF8582541F677A7000543AB8 /* PlayerCountFilter.swift */; };
		DF8582571F677B0A00543AB8 /* FilterTemplate.swift in Sources */ = {isa = PBXBuildFile; fileRef = DF8582561F677B0A00543AB8 /* FilterTemplate.swift */; };
		DF8582591F677F7800543AB8 /* GameCategoryFilter.swift in Sources */ = {isa = PBXBuildFile; fileRef = DF8582581F677F7700543AB8 /* GameCategoryFilter.swift */; };
		DF8C2A9C20F06F6B00DD7284 /* MiniFilterView.swift in Sources */ = {isa = PBXBuildFile; fileRef = DF8C2A9B20F06F6B00DD7284 /* MiniFilterView.swift */; };
		DF8C2A9E20F06F8200DD7284 /* MiniFilterView.xib in Resources */ = {isa = PBXBuildFile; fileRef = DF8C2A9D20F06F8200DD7284 /* MiniFilterView.xib */; };
		DF8C2AA020F07ADE00DD7284 /* FilterCollectionViewController.swift in Sources */ = {isa = PBXBuildFile; fileRef = DF8C2A9F20F07ADE00DD7284 /* FilterCollectionViewController.swift */; };
		DF95B95F1F6A172900537DBE /* MockGames.txt in Resources */ = {isa = PBXBuildFile; fileRef = DF95B95E1F6A172900537DBE /* MockGames.txt */; };
		DF95B9611F6B621000537DBE /* PlayDurationFilter.swift in Sources */ = {isa = PBXBuildFile; fileRef = DF95B9601F6B621000537DBE /* PlayDurationFilter.swift */; };
		DF95B9631F6ECF1900537DBE /* GameComplexity.swift in Sources */ = {isa = PBXBuildFile; fileRef = DF95B9621F6ECF1900537DBE /* GameComplexity.swift */; };
		DF95B9661F6EDA2A00537DBE /* GameComplexityTests.swift in Sources */ = {isa = PBXBuildFile; fileRef = DF95B9651F6EDA2A00537DBE /* GameComplexityTests.swift */; };
		DFA440431F79E74C005F706E /* ComplexityFilter.swift in Sources */ = {isa = PBXBuildFile; fileRef = DFA440421F79E74C005F706E /* ComplexityFilter.swift */; };
		DFC0245D201E567B00F694BB /* EnumCollection.swift in Sources */ = {isa = PBXBuildFile; fileRef = DFC0245C201E567B00F694BB /* EnumCollection.swift */; };
		DFC803071F9CF55C008A6851 /* HeaderTableViewCell.swift in Sources */ = {isa = PBXBuildFile; fileRef = DFC803061F9CF55C008A6851 /* HeaderTableViewCell.swift */; };
		DFDA7141221A1FED00D69DF8 /* BaseCoordinator.swift in Sources */ = {isa = PBXBuildFile; fileRef = DFDA7140221A1FED00D69DF8 /* BaseCoordinator.swift */; };
		DFDA7143221A203100D69DF8 /* StoryboardInitializable.swift in Sources */ = {isa = PBXBuildFile; fileRef = DFDA7142221A203100D69DF8 /* StoryboardInitializable.swift */; };
		DFE1594C20F11D83006F63E4 /* GameTableViewCell.swift in Sources */ = {isa = PBXBuildFile; fileRef = DFE1594B20F11D83006F63E4 /* GameTableViewCell.swift */; };
		DFE1596420F45C2C006F63E4 /* WhatToPlay.xcdatamodeld in Sources */ = {isa = PBXBuildFile; fileRef = DFE1596220F45C2C006F63E4 /* WhatToPlay.xcdatamodeld */; };
		DFE1596620F467E6006F63E4 /* URLValueTransformer.swift in Sources */ = {isa = PBXBuildFile; fileRef = DFE1596520F467E6006F63E4 /* URLValueTransformer.swift */; };
		DFE1596920F47A7B006F63E4 /* Game+CoreDataClass.swift in Sources */ = {isa = PBXBuildFile; fileRef = DFE1596720F47A7B006F63E4 /* Game+CoreDataClass.swift */; };
		DFE1596A20F47A7B006F63E4 /* Game+CoreDataProperties.swift in Sources */ = {isa = PBXBuildFile; fileRef = DFE1596820F47A7B006F63E4 /* Game+CoreDataProperties.swift */; };
		DFE1596C20F5B413006F63E4 /* GameFamily.swift in Sources */ = {isa = PBXBuildFile; fileRef = DFE1596B20F5B413006F63E4 /* GameFamily.swift */; };
		DFECC9A31F68D69F00077A6C /* GameMechanicFilter.swift in Sources */ = {isa = PBXBuildFile; fileRef = DFECC9A21F68D69F00077A6C /* GameMechanicFilter.swift */; };
		DFECC9A61F69F7D000077A6C /* GameMechanic.swift in Sources */ = {isa = PBXBuildFile; fileRef = DFECC9A51F69F7D000077A6C /* GameMechanic.swift */; };
		DFECC9A81F69F7F400077A6C /* GameCategory.swift in Sources */ = {isa = PBXBuildFile; fileRef = DFECC9A71F69F7F400077A6C /* GameCategory.swift */; };
		DFECC9AA1F69F81300077A6C /* PlayerCount.swift in Sources */ = {isa = PBXBuildFile; fileRef = DFECC9A91F69F81300077A6C /* PlayerCount.swift */; };
		DFECC9AF1F69FFB400077A6C /* MockData.swift in Sources */ = {isa = PBXBuildFile; fileRef = DFECC9AE1F69FFB400077A6C /* MockData.swift */; };
		DFF313271F004DB000A48FD0 /* User.swift in Sources */ = {isa = PBXBuildFile; fileRef = DFF313261F004DB000A48FD0 /* User.swift */; };
		DFF313291F0F329C00A48FD0 /* Game.swift in Sources */ = {isa = PBXBuildFile; fileRef = DFF313281F0F329C00A48FD0 /* Game.swift */; };
		DFF6244E221A6C43006DBBAD /* AppCoordinator.swift in Sources */ = {isa = PBXBuildFile; fileRef = DFF6244D221A6C43006DBBAD /* AppCoordinator.swift */; };
		DFF62452221A6DD1006DBBAD /* CollectionPickerCoordinator.swift in Sources */ = {isa = PBXBuildFile; fileRef = DFF62451221A6DD1006DBBAD /* CollectionPickerCoordinator.swift */; };
		DFF62454221A6E4B006DBBAD /* CollectionPickerViewModel.swift in Sources */ = {isa = PBXBuildFile; fileRef = DFF62453221A6E4B006DBBAD /* CollectionPickerViewModel.swift */; };
		DFF62456221A70FC006DBBAD /* CollectionModel.swift in Sources */ = {isa = PBXBuildFile; fileRef = DFF62455221A70FC006DBBAD /* CollectionModel.swift */; };
		DFF62458221A7B77006DBBAD /* CollectionSourceModel.swift in Sources */ = {isa = PBXBuildFile; fileRef = DFF62457221A7B77006DBBAD /* CollectionSourceModel.swift */; };
		DFF6245A221B0F3B006DBBAD /* FilterModel.swift in Sources */ = {isa = PBXBuildFile; fileRef = DFF62459221B0F3B006DBBAD /* FilterModel.swift */; };
		DFF6245C221B2559006DBBAD /* CollectionPickerViewController.swift in Sources */ = {isa = PBXBuildFile; fileRef = DFF6245B221B2559006DBBAD /* CollectionPickerViewController.swift */; };
		DFF6245E221B25E9006DBBAD /* ViewModelDependent.swift in Sources */ = {isa = PBXBuildFile; fileRef = DFF6245D221B25E9006DBBAD /* ViewModelDependent.swift */; };
		DFF62461221B27F1006DBBAD /* CollectionCoordinator.swift in Sources */ = {isa = PBXBuildFile; fileRef = DFF62460221B27F1006DBBAD /* CollectionCoordinator.swift */; };
		DFF62463221B288A006DBBAD /* CollectionViewModel.swift in Sources */ = {isa = PBXBuildFile; fileRef = DFF62462221B288A006DBBAD /* CollectionViewModel.swift */; };
		DFF62467221B7284006DBBAD /* BoardGameGeekAPIV2.swift in Sources */ = {isa = PBXBuildFile; fileRef = DFF62466221B7284006DBBAD /* BoardGameGeekAPIV2.swift */; };
		DFF7C84F1F1EE3FE00443A6C /* GameTests.swift in Sources */ = {isa = PBXBuildFile; fileRef = DFF7C84E1F1EE3FE00443A6C /* GameTests.swift */; };
		DFF7C8511F23AE5D00443A6C /* CollectionTests.swift in Sources */ = {isa = PBXBuildFile; fileRef = DFF7C8501F23AE5D00443A6C /* CollectionTests.swift */; };
		DFF7C8531F23AE7800443A6C /* GameTestData.swift in Sources */ = {isa = PBXBuildFile; fileRef = DFF7C8521F23AE7800443A6C /* GameTestData.swift */; };
		DFF7C8551F24F60F00443A6C /* GameTableViewController.swift in Sources */ = {isa = PBXBuildFile; fileRef = DFF7C8541F24F60F00443A6C /* GameTableViewController.swift */; };
		DFF7C8571F24FA6600443A6C /* GameCollectionViewController.swift in Sources */ = {isa = PBXBuildFile; fileRef = DFF7C8561F24FA6600443A6C /* GameCollectionViewController.swift */; };
		DFF7C8591F257CA700443A6C /* FilterViewController.swift in Sources */ = {isa = PBXBuildFile; fileRef = DFF7C8581F257CA700443A6C /* FilterViewController.swift */; };
		DFF7C85C1F257DA400443A6C /* PlayerCountController.swift in Sources */ = {isa = PBXBuildFile; fileRef = DFF7C85B1F257DA400443A6C /* PlayerCountController.swift */; };
		DFF7C85E1F25983E00443A6C /* PickerTableViewCell.swift in Sources */ = {isa = PBXBuildFile; fileRef = DFF7C85D1F25983E00443A6C /* PickerTableViewCell.swift */; };
/* End PBXBuildFile section */

/* Begin PBXContainerItemProxy section */
		DF3B1B351F003E4F00E4E8F7 /* PBXContainerItemProxy */ = {
			isa = PBXContainerItemProxy;
			containerPortal = DF3B1B151F003E4F00E4E8F7 /* Project object */;
			proxyType = 1;
			remoteGlobalIDString = DF3B1B1C1F003E4F00E4E8F7;
			remoteInfo = WhatToPlay;
		};
		DF3B1B401F003E4F00E4E8F7 /* PBXContainerItemProxy */ = {
			isa = PBXContainerItemProxy;
			containerPortal = DF3B1B151F003E4F00E4E8F7 /* Project object */;
			proxyType = 1;
			remoteGlobalIDString = DF3B1B1C1F003E4F00E4E8F7;
			remoteInfo = WhatToPlay;
		};
/* End PBXContainerItemProxy section */

/* Begin PBXCopyFilesBuildPhase section */
		DFF313251F004A5E00A48FD0 /* Embed Frameworks */ = {
			isa = PBXCopyFilesBuildPhase;
			buildActionMask = 2147483647;
			dstPath = "";
			dstSubfolderSpec = 10;
			files = (
			);
			name = "Embed Frameworks";
			runOnlyForDeploymentPostprocessing = 0;
		};
/* End PBXCopyFilesBuildPhase section */

/* Begin PBXFileReference section */
		DF25A8AE20BCEB3E009264B8 /* FilterDescriptionView.swift */ = {isa = PBXFileReference; lastKnownFileType = sourcecode.swift; path = FilterDescriptionView.swift; sourceTree = "<group>"; };
		DF3B1B1D1F003E4F00E4E8F7 /* WhatToPlay.app */ = {isa = PBXFileReference; explicitFileType = wrapper.application; includeInIndex = 0; path = WhatToPlay.app; sourceTree = BUILT_PRODUCTS_DIR; };
		DF3B1B201F003E4F00E4E8F7 /* AppDelegate.swift */ = {isa = PBXFileReference; lastKnownFileType = sourcecode.swift; path = AppDelegate.swift; sourceTree = "<group>"; };
		DF3B1B221F003E4F00E4E8F7 /* ViewController.swift */ = {isa = PBXFileReference; lastKnownFileType = sourcecode.swift; path = ViewController.swift; sourceTree = "<group>"; };
		DF3B1B251F003E4F00E4E8F7 /* Base */ = {isa = PBXFileReference; lastKnownFileType = file.storyboard; name = Base; path = Base.lproj/Main.storyboard; sourceTree = "<group>"; };
		DF3B1B2A1F003E4F00E4E8F7 /* Assets.xcassets */ = {isa = PBXFileReference; lastKnownFileType = folder.assetcatalog; path = Assets.xcassets; sourceTree = "<group>"; };
		DF3B1B2D1F003E4F00E4E8F7 /* Base */ = {isa = PBXFileReference; lastKnownFileType = file.storyboard; name = Base; path = Base.lproj/LaunchScreen.storyboard; sourceTree = "<group>"; };
		DF3B1B2F1F003E4F00E4E8F7 /* Info.plist */ = {isa = PBXFileReference; lastKnownFileType = text.plist.xml; path = Info.plist; sourceTree = "<group>"; };
		DF3B1B341F003E4F00E4E8F7 /* WhatToPlayTests.xctest */ = {isa = PBXFileReference; explicitFileType = wrapper.cfbundle; includeInIndex = 0; path = WhatToPlayTests.xctest; sourceTree = BUILT_PRODUCTS_DIR; };
		DF3B1B381F003E4F00E4E8F7 /* WhatToPlayTests.swift */ = {isa = PBXFileReference; lastKnownFileType = sourcecode.swift; path = WhatToPlayTests.swift; sourceTree = "<group>"; };
		DF3B1B3A1F003E4F00E4E8F7 /* Info.plist */ = {isa = PBXFileReference; lastKnownFileType = text.plist.xml; path = Info.plist; sourceTree = "<group>"; };
		DF3B1B3F1F003E4F00E4E8F7 /* WhatToPlayUITests.xctest */ = {isa = PBXFileReference; explicitFileType = wrapper.cfbundle; includeInIndex = 0; path = WhatToPlayUITests.xctest; sourceTree = BUILT_PRODUCTS_DIR; };
		DF3B1B431F003E4F00E4E8F7 /* WhatToPlayUITests.swift */ = {isa = PBXFileReference; lastKnownFileType = sourcecode.swift; path = WhatToPlayUITests.swift; sourceTree = "<group>"; };
		DF3B1B451F003E4F00E4E8F7 /* Info.plist */ = {isa = PBXFileReference; lastKnownFileType = text.plist.xml; path = Info.plist; sourceTree = "<group>"; };
		DF3B1B581F0041BF00E4E8F7 /* BoardGameGeekAPI.swift */ = {isa = PBXFileReference; fileEncoding = 4; lastKnownFileType = sourcecode.swift; path = BoardGameGeekAPI.swift; sourceTree = "<group>"; };
		DF622F081F6A1090003BE61E /* MockCollection.txt */ = {isa = PBXFileReference; fileEncoding = 4; lastKnownFileType = text; path = MockCollection.txt; sourceTree = "<group>"; };
		DF816ABB1F8B0ED30037ADA9 /* GameViewController.swift */ = {isa = PBXFileReference; lastKnownFileType = sourcecode.swift; path = GameViewController.swift; sourceTree = "<group>"; };
		DF8582541F677A7000543AB8 /* PlayerCountFilter.swift */ = {isa = PBXFileReference; fileEncoding = 4; lastKnownFileType = sourcecode.swift; path = PlayerCountFilter.swift; sourceTree = "<group>"; };
		DF8582561F677B0A00543AB8 /* FilterTemplate.swift */ = {isa = PBXFileReference; fileEncoding = 4; lastKnownFileType = sourcecode.swift; path = FilterTemplate.swift; sourceTree = "<group>"; };
		DF8582581F677F7700543AB8 /* GameCategoryFilter.swift */ = {isa = PBXFileReference; fileEncoding = 4; lastKnownFileType = sourcecode.swift; path = GameCategoryFilter.swift; sourceTree = "<group>"; };
		DF8C2A9B20F06F6B00DD7284 /* MiniFilterView.swift */ = {isa = PBXFileReference; lastKnownFileType = sourcecode.swift; path = MiniFilterView.swift; sourceTree = "<group>"; };
		DF8C2A9D20F06F8200DD7284 /* MiniFilterView.xib */ = {isa = PBXFileReference; fileEncoding = 4; lastKnownFileType = file.xib; path = MiniFilterView.xib; sourceTree = "<group>"; };
		DF8C2A9F20F07ADE00DD7284 /* FilterCollectionViewController.swift */ = {isa = PBXFileReference; lastKnownFileType = sourcecode.swift; path = FilterCollectionViewController.swift; sourceTree = "<group>"; };
		DF95B95E1F6A172900537DBE /* MockGames.txt */ = {isa = PBXFileReference; fileEncoding = 4; lastKnownFileType = text; path = MockGames.txt; sourceTree = "<group>"; };
		DF95B9601F6B621000537DBE /* PlayDurationFilter.swift */ = {isa = PBXFileReference; fileEncoding = 4; lastKnownFileType = sourcecode.swift; path = PlayDurationFilter.swift; sourceTree = "<group>"; };
		DF95B9621F6ECF1900537DBE /* GameComplexity.swift */ = {isa = PBXFileReference; fileEncoding = 4; lastKnownFileType = sourcecode.swift; path = GameComplexity.swift; sourceTree = "<group>"; };
		DF95B9651F6EDA2A00537DBE /* GameComplexityTests.swift */ = {isa = PBXFileReference; fileEncoding = 4; lastKnownFileType = sourcecode.swift; path = GameComplexityTests.swift; sourceTree = "<group>"; };
		DFA440421F79E74C005F706E /* ComplexityFilter.swift */ = {isa = PBXFileReference; lastKnownFileType = sourcecode.swift; path = ComplexityFilter.swift; sourceTree = "<group>"; };
		DFC0245C201E567B00F694BB /* EnumCollection.swift */ = {isa = PBXFileReference; lastKnownFileType = sourcecode.swift; path = EnumCollection.swift; sourceTree = "<group>"; };
		DFC803061F9CF55C008A6851 /* HeaderTableViewCell.swift */ = {isa = PBXFileReference; lastKnownFileType = sourcecode.swift; path = HeaderTableViewCell.swift; sourceTree = "<group>"; };
		DFDA7140221A1FED00D69DF8 /* BaseCoordinator.swift */ = {isa = PBXFileReference; lastKnownFileType = sourcecode.swift; path = BaseCoordinator.swift; sourceTree = "<group>"; };
		DFDA7142221A203100D69DF8 /* StoryboardInitializable.swift */ = {isa = PBXFileReference; lastKnownFileType = sourcecode.swift; path = StoryboardInitializable.swift; sourceTree = "<group>"; };
		DFE1594B20F11D83006F63E4 /* GameTableViewCell.swift */ = {isa = PBXFileReference; lastKnownFileType = sourcecode.swift; path = GameTableViewCell.swift; sourceTree = "<group>"; };
		DFE1596320F45C2C006F63E4 /* Model.xcdatamodel */ = {isa = PBXFileReference; lastKnownFileType = wrapper.xcdatamodel; path = Model.xcdatamodel; sourceTree = "<group>"; };
		DFE1596520F467E6006F63E4 /* URLValueTransformer.swift */ = {isa = PBXFileReference; lastKnownFileType = sourcecode.swift; path = URLValueTransformer.swift; sourceTree = "<group>"; };
		DFE1596720F47A7B006F63E4 /* Game+CoreDataClass.swift */ = {isa = PBXFileReference; lastKnownFileType = sourcecode.swift; name = "Game+CoreDataClass.swift"; path = "WhatToPlay/Models/Game+CoreDataClass.swift"; sourceTree = "<group>"; };
		DFE1596820F47A7B006F63E4 /* Game+CoreDataProperties.swift */ = {isa = PBXFileReference; lastKnownFileType = sourcecode.swift; path = "Game+CoreDataProperties.swift"; sourceTree = "<group>"; };
		DFE1596B20F5B413006F63E4 /* GameFamily.swift */ = {isa = PBXFileReference; lastKnownFileType = sourcecode.swift; path = GameFamily.swift; sourceTree = "<group>"; };
		DFECC9A21F68D69F00077A6C /* GameMechanicFilter.swift */ = {isa = PBXFileReference; fileEncoding = 4; lastKnownFileType = sourcecode.swift; path = GameMechanicFilter.swift; sourceTree = "<group>"; };
		DFECC9A51F69F7D000077A6C /* GameMechanic.swift */ = {isa = PBXFileReference; fileEncoding = 4; lastKnownFileType = sourcecode.swift; path = GameMechanic.swift; sourceTree = "<group>"; };
		DFECC9A71F69F7F400077A6C /* GameCategory.swift */ = {isa = PBXFileReference; fileEncoding = 4; lastKnownFileType = sourcecode.swift; path = GameCategory.swift; sourceTree = "<group>"; };
		DFECC9A91F69F81300077A6C /* PlayerCount.swift */ = {isa = PBXFileReference; fileEncoding = 4; lastKnownFileType = sourcecode.swift; path = PlayerCount.swift; sourceTree = "<group>"; };
		DFECC9AE1F69FFB400077A6C /* MockData.swift */ = {isa = PBXFileReference; fileEncoding = 4; lastKnownFileType = sourcecode.swift; path = MockData.swift; sourceTree = "<group>"; };
		DFF313261F004DB000A48FD0 /* User.swift */ = {isa = PBXFileReference; fileEncoding = 4; lastKnownFileType = sourcecode.swift; path = User.swift; sourceTree = "<group>"; };
		DFF313281F0F329C00A48FD0 /* Game.swift */ = {isa = PBXFileReference; fileEncoding = 4; lastKnownFileType = sourcecode.swift; path = Game.swift; sourceTree = "<group>"; };
		DFF6244D221A6C43006DBBAD /* AppCoordinator.swift */ = {isa = PBXFileReference; lastKnownFileType = sourcecode.swift; path = AppCoordinator.swift; sourceTree = "<group>"; };
		DFF62451221A6DD1006DBBAD /* CollectionPickerCoordinator.swift */ = {isa = PBXFileReference; lastKnownFileType = sourcecode.swift; path = CollectionPickerCoordinator.swift; sourceTree = "<group>"; };
		DFF62453221A6E4B006DBBAD /* CollectionPickerViewModel.swift */ = {isa = PBXFileReference; lastKnownFileType = sourcecode.swift; path = CollectionPickerViewModel.swift; sourceTree = "<group>"; };
		DFF62455221A70FC006DBBAD /* CollectionModel.swift */ = {isa = PBXFileReference; lastKnownFileType = sourcecode.swift; path = CollectionModel.swift; sourceTree = "<group>"; };
		DFF62457221A7B77006DBBAD /* CollectionSourceModel.swift */ = {isa = PBXFileReference; lastKnownFileType = sourcecode.swift; path = CollectionSourceModel.swift; sourceTree = "<group>"; };
		DFF62459221B0F3B006DBBAD /* FilterModel.swift */ = {isa = PBXFileReference; lastKnownFileType = sourcecode.swift; path = FilterModel.swift; sourceTree = "<group>"; };
		DFF6245B221B2559006DBBAD /* CollectionPickerViewController.swift */ = {isa = PBXFileReference; lastKnownFileType = sourcecode.swift; path = CollectionPickerViewController.swift; sourceTree = "<group>"; };
		DFF6245D221B25E9006DBBAD /* ViewModelDependent.swift */ = {isa = PBXFileReference; lastKnownFileType = sourcecode.swift; path = ViewModelDependent.swift; sourceTree = "<group>"; };
		DFF62460221B27F1006DBBAD /* CollectionCoordinator.swift */ = {isa = PBXFileReference; lastKnownFileType = sourcecode.swift; path = CollectionCoordinator.swift; sourceTree = "<group>"; };
		DFF62462221B288A006DBBAD /* CollectionViewModel.swift */ = {isa = PBXFileReference; lastKnownFileType = sourcecode.swift; path = CollectionViewModel.swift; sourceTree = "<group>"; };
		DFF62466221B7284006DBBAD /* BoardGameGeekAPIV2.swift */ = {isa = PBXFileReference; lastKnownFileType = sourcecode.swift; path = BoardGameGeekAPIV2.swift; sourceTree = "<group>"; };
		DFF7C84E1F1EE3FE00443A6C /* GameTests.swift */ = {isa = PBXFileReference; fileEncoding = 4; lastKnownFileType = sourcecode.swift; path = GameTests.swift; sourceTree = "<group>"; };
		DFF7C8501F23AE5D00443A6C /* CollectionTests.swift */ = {isa = PBXFileReference; fileEncoding = 4; lastKnownFileType = sourcecode.swift; path = CollectionTests.swift; sourceTree = "<group>"; };
		DFF7C8521F23AE7800443A6C /* GameTestData.swift */ = {isa = PBXFileReference; fileEncoding = 4; lastKnownFileType = sourcecode.swift; path = GameTestData.swift; sourceTree = "<group>"; };
		DFF7C8541F24F60F00443A6C /* GameTableViewController.swift */ = {isa = PBXFileReference; fileEncoding = 4; lastKnownFileType = sourcecode.swift; path = GameTableViewController.swift; sourceTree = "<group>"; };
		DFF7C8561F24FA6600443A6C /* GameCollectionViewController.swift */ = {isa = PBXFileReference; fileEncoding = 4; lastKnownFileType = sourcecode.swift; path = GameCollectionViewController.swift; sourceTree = "<group>"; };
		DFF7C8581F257CA700443A6C /* FilterViewController.swift */ = {isa = PBXFileReference; fileEncoding = 4; lastKnownFileType = sourcecode.swift; path = FilterViewController.swift; sourceTree = "<group>"; };
		DFF7C85B1F257DA400443A6C /* PlayerCountController.swift */ = {isa = PBXFileReference; fileEncoding = 4; lastKnownFileType = sourcecode.swift; path = PlayerCountController.swift; sourceTree = "<group>"; };
		DFF7C85D1F25983E00443A6C /* PickerTableViewCell.swift */ = {isa = PBXFileReference; fileEncoding = 4; lastKnownFileType = sourcecode.swift; path = PickerTableViewCell.swift; sourceTree = "<group>"; };
/* End PBXFileReference section */

/* Begin PBXFrameworksBuildPhase section */
		DF3B1B1A1F003E4F00E4E8F7 /* Frameworks */ = {
			isa = PBXFrameworksBuildPhase;
			buildActionMask = 2147483647;
			files = (
				DF0A0A042339BCC700A7360D /* SWXMLHash in Frameworks */,
				DF0A09FE2339BBC700A7360D /* Alamofire in Frameworks */,
				DF0A0A0A2339BD1600A7360D /* Motion in Frameworks */,
				DF0A0A012339BBF700A7360D /* AlamofireImage in Frameworks */,
				DF0A0A072339BCF400A7360D /* Material in Frameworks */,
				DF0A0A0D2339BD6E00A7360D /* PMKAlamofire in Frameworks */,
			);
			runOnlyForDeploymentPostprocessing = 0;
		};
		DF3B1B311F003E4F00E4E8F7 /* Frameworks */ = {
			isa = PBXFrameworksBuildPhase;
			buildActionMask = 2147483647;
			files = (
			);
			runOnlyForDeploymentPostprocessing = 0;
		};
		DF3B1B3C1F003E4F00E4E8F7 /* Frameworks */ = {
			isa = PBXFrameworksBuildPhase;
			buildActionMask = 2147483647;
			files = (
			);
			runOnlyForDeploymentPostprocessing = 0;
		};
/* End PBXFrameworksBuildPhase section */

/* Begin PBXGroup section */
		DF06A77D1F7A010800240274 /* Frameworks */ = {
			isa = PBXGroup;
			children = (
			);
			name = Frameworks;
			sourceTree = "<group>";
		};
		DF25A8AC20BCEB0B009264B8 /* CollectionViews */ = {
			isa = PBXGroup;
			children = (
				DF25A8AD20BCEB2A009264B8 /* Views */,
				DFF7C8561F24FA6600443A6C /* GameCollectionViewController.swift */,
				DF8C2A9F20F07ADE00DD7284 /* FilterCollectionViewController.swift */,
				DFF7C8541F24F60F00443A6C /* GameTableViewController.swift */,
			);
			path = CollectionViews;
			sourceTree = "<group>";
		};
		DF25A8AD20BCEB2A009264B8 /* Views */ = {
			isa = PBXGroup;
			children = (
				DF25A8AE20BCEB3E009264B8 /* FilterDescriptionView.swift */,
				DF8C2A9B20F06F6B00DD7284 /* MiniFilterView.swift */,
				DF8C2A9D20F06F8200DD7284 /* MiniFilterView.xib */,
				DFE1594B20F11D83006F63E4 /* GameTableViewCell.swift */,
			);
			path = Views;
			sourceTree = "<group>";
		};
		DF3B1B141F003E4F00E4E8F7 = {
			isa = PBXGroup;
			children = (
				DFE1596720F47A7B006F63E4 /* Game+CoreDataClass.swift */,
				DF3B1B1F1F003E4F00E4E8F7 /* WhatToPlay */,
				DF3B1B371F003E4F00E4E8F7 /* WhatToPlayTests */,
				DF3B1B421F003E4F00E4E8F7 /* WhatToPlayUITests */,
				DF3B1B1E1F003E4F00E4E8F7 /* Products */,
				DF06A77D1F7A010800240274 /* Frameworks */,
			);
			sourceTree = "<group>";
		};
		DF3B1B1E1F003E4F00E4E8F7 /* Products */ = {
			isa = PBXGroup;
			children = (
				DF3B1B1D1F003E4F00E4E8F7 /* WhatToPlay.app */,
				DF3B1B341F003E4F00E4E8F7 /* WhatToPlayTests.xctest */,
				DF3B1B3F1F003E4F00E4E8F7 /* WhatToPlayUITests.xctest */,
			);
			name = Products;
			sourceTree = "<group>";
		};
		DF3B1B1F1F003E4F00E4E8F7 /* WhatToPlay */ = {
			isa = PBXGroup;
			children = (
				DFF6245F221B27C8006DBBAD /* Collection */,
				DFF62450221A6DB8006DBBAD /* CollectionPicker */,
				DFF6244C221A6C2D006DBBAD /* App */,
				DFDA713F221A1FCF00D69DF8 /* Coordinator */,
				DFE1596120F45C17006F63E4 /* Models */,
				DFC0244E201E565200F694BB /* Utils */,
				DF3B1B201F003E4F00E4E8F7 /* AppDelegate.swift */,
				DF3B1B241F003E4F00E4E8F7 /* Main.storyboard */,
				DF3B1B221F003E4F00E4E8F7 /* ViewController.swift */,
				DF25A8AC20BCEB0B009264B8 /* CollectionViews */,
				DFC803041F9CF4B5008A6851 /* Game */,
				DFF7C85A1F257D3F00443A6C /* Filter */,
				DF3B1B541F00410300E4E8F7 /* BoardGameGeek */,
				DF3B1B2A1F003E4F00E4E8F7 /* Assets.xcassets */,
				DF3B1B2C1F003E4F00E4E8F7 /* LaunchScreen.storyboard */,
				DF622F071F6A1073003BE61E /* Resources */,
				DF3B1B2F1F003E4F00E4E8F7 /* Info.plist */,
			);
			path = WhatToPlay;
			sourceTree = "<group>";
		};
		DF3B1B371F003E4F00E4E8F7 /* WhatToPlayTests */ = {
			isa = PBXGroup;
			children = (
				DFF7C8521F23AE7800443A6C /* GameTestData.swift */,
				DF3B1B381F003E4F00E4E8F7 /* WhatToPlayTests.swift */,
				DFF7C84E1F1EE3FE00443A6C /* GameTests.swift */,
				DFF7C8501F23AE5D00443A6C /* CollectionTests.swift */,
				DF95B9641F6EDA1200537DBE /* MetaTests */,
				DF3B1B3A1F003E4F00E4E8F7 /* Info.plist */,
			);
			path = WhatToPlayTests;
			sourceTree = "<group>";
		};
		DF3B1B421F003E4F00E4E8F7 /* WhatToPlayUITests */ = {
			isa = PBXGroup;
			children = (
				DF3B1B431F003E4F00E4E8F7 /* WhatToPlayUITests.swift */,
				DF3B1B451F003E4F00E4E8F7 /* Info.plist */,
			);
			path = WhatToPlayUITests;
			sourceTree = "<group>";
		};
		DF3B1B541F00410300E4E8F7 /* BoardGameGeek */ = {
			isa = PBXGroup;
			children = (
				DF3B1B551F00411E00E4E8F7 /* API */,
			);
			path = BoardGameGeek;
			sourceTree = "<group>";
		};
		DF3B1B551F00411E00E4E8F7 /* API */ = {
			isa = PBXGroup;
			children = (
				DFECC9AB1F69FF8D00077A6C /* MockData */,
				DF3B1B581F0041BF00E4E8F7 /* BoardGameGeekAPI.swift */,
				DFF62466221B7284006DBBAD /* BoardGameGeekAPIV2.swift */,
				DFF313261F004DB000A48FD0 /* User.swift */,
				DFE1596820F47A7B006F63E4 /* Game+CoreDataProperties.swift */,
				DFF313281F0F329C00A48FD0 /* Game.swift */,
				DFECC9A41F69F7BA00077A6C /* GameMeta */,
			);
			path = API;
			sourceTree = "<group>";
		};
		DF622F071F6A1073003BE61E /* Resources */ = {
			isa = PBXGroup;
			children = (
				DF95B95E1F6A172900537DBE /* MockGames.txt */,
				DF622F081F6A1090003BE61E /* MockCollection.txt */,
			);
			path = Resources;
			sourceTree = "<group>";
		};
		DF8582531F677A0700543AB8 /* Types */ = {
			isa = PBXGroup;
			children = (
				DF8582561F677B0A00543AB8 /* FilterTemplate.swift */,
				DF8582541F677A7000543AB8 /* PlayerCountFilter.swift */,
				DF8582581F677F7700543AB8 /* GameCategoryFilter.swift */,
				DFECC9A21F68D69F00077A6C /* GameMechanicFilter.swift */,
				DF95B9601F6B621000537DBE /* PlayDurationFilter.swift */,
				DFA440421F79E74C005F706E /* ComplexityFilter.swift */,
			);
			path = Types;
			sourceTree = "<group>";
		};
		DF95B9641F6EDA1200537DBE /* MetaTests */ = {
			isa = PBXGroup;
			children = (
				DF95B9651F6EDA2A00537DBE /* GameComplexityTests.swift */,
			);
			name = MetaTests;
			sourceTree = "<group>";
		};
		DFC0244E201E565200F694BB /* Utils */ = {
			isa = PBXGroup;
			children = (
				DFC0245C201E567B00F694BB /* EnumCollection.swift */,
				DFE1596520F467E6006F63E4 /* URLValueTransformer.swift */,
			);
			path = Utils;
			sourceTree = "<group>";
		};
		DFC803041F9CF4B5008A6851 /* Game */ = {
			isa = PBXGroup;
			children = (
				DFC803051F9CF4E9008A6851 /* Views */,
				DF816ABB1F8B0ED30037ADA9 /* GameViewController.swift */,
			);
			path = Game;
			sourceTree = "<group>";
		};
		DFC803051F9CF4E9008A6851 /* Views */ = {
			isa = PBXGroup;
			children = (
				DFC803061F9CF55C008A6851 /* HeaderTableViewCell.swift */,
			);
			path = Views;
			sourceTree = "<group>";
		};
		DFDA713F221A1FCF00D69DF8 /* Coordinator */ = {
			isa = PBXGroup;
			children = (
				DFDA7140221A1FED00D69DF8 /* BaseCoordinator.swift */,
				DFDA7142221A203100D69DF8 /* StoryboardInitializable.swift */,
				DFF6245D221B25E9006DBBAD /* ViewModelDependent.swift */,
			);
			path = Coordinator;
			sourceTree = "<group>";
		};
		DFE1596120F45C17006F63E4 /* Models */ = {
			isa = PBXGroup;
			children = (
				DFE1596220F45C2C006F63E4 /* WhatToPlay.xcdatamodeld */,
			);
			path = Models;
			sourceTree = "<group>";
		};
		DFECC9A41F69F7BA00077A6C /* GameMeta */ = {
			isa = PBXGroup;
			children = (
				DFECC9A51F69F7D000077A6C /* GameMechanic.swift */,
				DFECC9A71F69F7F400077A6C /* GameCategory.swift */,
				DFECC9A91F69F81300077A6C /* PlayerCount.swift */,
				DF95B9621F6ECF1900537DBE /* GameComplexity.swift */,
				DFE1596B20F5B413006F63E4 /* GameFamily.swift */,
			);
			path = GameMeta;
			sourceTree = "<group>";
		};
		DFECC9AB1F69FF8D00077A6C /* MockData */ = {
			isa = PBXGroup;
			children = (
				DFECC9AE1F69FFB400077A6C /* MockData.swift */,
			);
			path = MockData;
			sourceTree = "<group>";
		};
		DFF6244C221A6C2D006DBBAD /* App */ = {
			isa = PBXGroup;
			children = (
				DFF6244D221A6C43006DBBAD /* AppCoordinator.swift */,
			);
			path = App;
			sourceTree = "<group>";
		};
		DFF62450221A6DB8006DBBAD /* CollectionPicker */ = {
			isa = PBXGroup;
			children = (
				DFF62451221A6DD1006DBBAD /* CollectionPickerCoordinator.swift */,
				DFF62453221A6E4B006DBBAD /* CollectionPickerViewModel.swift */,
				DFF6245B221B2559006DBBAD /* CollectionPickerViewController.swift */,
				DFF62457221A7B77006DBBAD /* CollectionSourceModel.swift */,
			);
			path = CollectionPicker;
			sourceTree = "<group>";
		};
		DFF6245F221B27C8006DBBAD /* Collection */ = {
			isa = PBXGroup;
			children = (
				DFF62460221B27F1006DBBAD /* CollectionCoordinator.swift */,
				DFF62462221B288A006DBBAD /* CollectionViewModel.swift */,
				DFF62455221A70FC006DBBAD /* CollectionModel.swift */,
			);
			path = Collection;
			sourceTree = "<group>";
		};
		DFF7C85A1F257D3F00443A6C /* Filter */ = {
			isa = PBXGroup;
			children = (
				DF8582531F677A0700543AB8 /* Types */,
				DFF7C8581F257CA700443A6C /* FilterViewController.swift */,
				DFF7C85B1F257DA400443A6C /* PlayerCountController.swift */,
				DFF7C85D1F25983E00443A6C /* PickerTableViewCell.swift */,
				DFF62459221B0F3B006DBBAD /* FilterModel.swift */,
			);
			path = Filter;
			sourceTree = "<group>";
		};
/* End PBXGroup section */

/* Begin PBXNativeTarget section */
		DF3B1B1C1F003E4F00E4E8F7 /* WhatToPlay */ = {
			isa = PBXNativeTarget;
			buildConfigurationList = DF3B1B481F003E4F00E4E8F7 /* Build configuration list for PBXNativeTarget "WhatToPlay" */;
			buildPhases = (
				DF3B1B191F003E4F00E4E8F7 /* Sources */,
				DF3B1B1A1F003E4F00E4E8F7 /* Frameworks */,
				DF3B1B1B1F003E4F00E4E8F7 /* Resources */,
				DFF313251F004A5E00A48FD0 /* Embed Frameworks */,
			);
			buildRules = (
			);
			dependencies = (
			);
			name = WhatToPlay;
			packageProductDependencies = (
				DF0A09FD2339BBC700A7360D /* Alamofire */,
				DF0A0A002339BBF700A7360D /* AlamofireImage */,
				DF0A0A032339BCC700A7360D /* SWXMLHash */,
				DF0A0A062339BCF400A7360D /* Material */,
				DF0A0A092339BD1600A7360D /* Motion */,
				DF0A0A0C2339BD6E00A7360D /* PMKAlamofire */,
			);
			productName = WhatToPlay;
			productReference = DF3B1B1D1F003E4F00E4E8F7 /* WhatToPlay.app */;
			productType = "com.apple.product-type.application";
		};
		DF3B1B331F003E4F00E4E8F7 /* WhatToPlayTests */ = {
			isa = PBXNativeTarget;
			buildConfigurationList = DF3B1B4B1F003E4F00E4E8F7 /* Build configuration list for PBXNativeTarget "WhatToPlayTests" */;
			buildPhases = (
				DF3B1B301F003E4F00E4E8F7 /* Sources */,
				DF3B1B311F003E4F00E4E8F7 /* Frameworks */,
				DF3B1B321F003E4F00E4E8F7 /* Resources */,
			);
			buildRules = (
			);
			dependencies = (
				DF3B1B361F003E4F00E4E8F7 /* PBXTargetDependency */,
			);
			name = WhatToPlayTests;
			productName = WhatToPlayTests;
			productReference = DF3B1B341F003E4F00E4E8F7 /* WhatToPlayTests.xctest */;
			productType = "com.apple.product-type.bundle.unit-test";
		};
		DF3B1B3E1F003E4F00E4E8F7 /* WhatToPlayUITests */ = {
			isa = PBXNativeTarget;
			buildConfigurationList = DF3B1B4E1F003E4F00E4E8F7 /* Build configuration list for PBXNativeTarget "WhatToPlayUITests" */;
			buildPhases = (
				DF3B1B3B1F003E4F00E4E8F7 /* Sources */,
				DF3B1B3C1F003E4F00E4E8F7 /* Frameworks */,
				DF3B1B3D1F003E4F00E4E8F7 /* Resources */,
			);
			buildRules = (
			);
			dependencies = (
				DF3B1B411F003E4F00E4E8F7 /* PBXTargetDependency */,
			);
			name = WhatToPlayUITests;
			productName = WhatToPlayUITests;
			productReference = DF3B1B3F1F003E4F00E4E8F7 /* WhatToPlayUITests.xctest */;
			productType = "com.apple.product-type.bundle.ui-testing";
		};
/* End PBXNativeTarget section */

/* Begin PBXProject section */
		DF3B1B151F003E4F00E4E8F7 /* Project object */ = {
			isa = PBXProject;
			attributes = {
				LastSwiftUpdateCheck = 0830;
				LastUpgradeCheck = 0900;
				ORGANIZATIONNAME = rlasante;
				TargetAttributes = {
					DF3B1B1C1F003E4F00E4E8F7 = {
						CreatedOnToolsVersion = 8.3.2;
						DevelopmentTeam = NP49CSYMEP;
						ProvisioningStyle = Automatic;
					};
					DF3B1B331F003E4F00E4E8F7 = {
						CreatedOnToolsVersion = 8.3.2;
						DevelopmentTeam = NP49CSYMEP;
						ProvisioningStyle = Automatic;
						TestTargetID = DF3B1B1C1F003E4F00E4E8F7;
					};
					DF3B1B3E1F003E4F00E4E8F7 = {
						CreatedOnToolsVersion = 8.3.2;
						DevelopmentTeam = NP49CSYMEP;
						ProvisioningStyle = Automatic;
						TestTargetID = DF3B1B1C1F003E4F00E4E8F7;
					};
				};
			};
			buildConfigurationList = DF3B1B181F003E4F00E4E8F7 /* Build configuration list for PBXProject "WhatToPlay" */;
			compatibilityVersion = "Xcode 3.2";
			developmentRegion = en;
			hasScannedForEncodings = 0;
			knownRegions = (
				en,
				Base,
			);
			mainGroup = DF3B1B141F003E4F00E4E8F7;
			packageReferences = (
				DF0A09FC2339BBC700A7360D /* XCRemoteSwiftPackageReference "Alamofire" */,
				DF0A09FF2339BBF700A7360D /* XCRemoteSwiftPackageReference "AlamofireImage" */,
				DF0A0A022339BCC700A7360D /* XCRemoteSwiftPackageReference "SWXMLHash" */,
				DF0A0A052339BCF400A7360D /* XCRemoteSwiftPackageReference "Material" */,
				DF0A0A082339BD1600A7360D /* XCRemoteSwiftPackageReference "Motion" */,
				DF0A0A0B2339BD6E00A7360D /* XCRemoteSwiftPackageReference "PMKAlamofire" */,
			);
			productRefGroup = DF3B1B1E1F003E4F00E4E8F7 /* Products */;
			projectDirPath = "";
			projectRoot = "";
			targets = (
				DF3B1B1C1F003E4F00E4E8F7 /* WhatToPlay */,
				DF3B1B331F003E4F00E4E8F7 /* WhatToPlayTests */,
				DF3B1B3E1F003E4F00E4E8F7 /* WhatToPlayUITests */,
			);
		};
/* End PBXProject section */

/* Begin PBXResourcesBuildPhase section */
		DF3B1B1B1F003E4F00E4E8F7 /* Resources */ = {
			isa = PBXResourcesBuildPhase;
			buildActionMask = 2147483647;
			files = (
				DF3B1B2E1F003E4F00E4E8F7 /* LaunchScreen.storyboard in Resources */,
				DF3B1B2B1F003E4F00E4E8F7 /* Assets.xcassets in Resources */,
				DF95B95F1F6A172900537DBE /* MockGames.txt in Resources */,
				DF8C2A9E20F06F8200DD7284 /* MiniFilterView.xib in Resources */,
				DF622F091F6A1090003BE61E /* MockCollection.txt in Resources */,
				DF3B1B261F003E4F00E4E8F7 /* Main.storyboard in Resources */,
			);
			runOnlyForDeploymentPostprocessing = 0;
		};
		DF3B1B321F003E4F00E4E8F7 /* Resources */ = {
			isa = PBXResourcesBuildPhase;
			buildActionMask = 2147483647;
			files = (
			);
			runOnlyForDeploymentPostprocessing = 0;
		};
		DF3B1B3D1F003E4F00E4E8F7 /* Resources */ = {
			isa = PBXResourcesBuildPhase;
			buildActionMask = 2147483647;
			files = (
			);
			runOnlyForDeploymentPostprocessing = 0;
		};
/* End PBXResourcesBuildPhase section */

/* Begin PBXSourcesBuildPhase section */
		DF3B1B191F003E4F00E4E8F7 /* Sources */ = {
			isa = PBXSourcesBuildPhase;
			buildActionMask = 2147483647;
			files = (
				DFECC9A61F69F7D000077A6C /* GameMechanic.swift in Sources */,
				DF25A8AF20BCEB3E009264B8 /* FilterDescriptionView.swift in Sources */,
				DFF7C8571F24FA6600443A6C /* GameCollectionViewController.swift in Sources */,
				DFF6245A221B0F3B006DBBAD /* FilterModel.swift in Sources */,
				DFF7C85E1F25983E00443A6C /* PickerTableViewCell.swift in Sources */,
				DF8C2A9C20F06F6B00DD7284 /* MiniFilterView.swift in Sources */,
				DFECC9A81F69F7F400077A6C /* GameCategory.swift in Sources */,
				DF8582551F677A7000543AB8 /* PlayerCountFilter.swift in Sources */,
				DFECC9AA1F69F81300077A6C /* PlayerCount.swift in Sources */,
				DF8C2AA020F07ADE00DD7284 /* FilterCollectionViewController.swift in Sources */,
				DF3B1B591F0041BF00E4E8F7 /* BoardGameGeekAPI.swift in Sources */,
				DFE1596C20F5B413006F63E4 /* GameFamily.swift in Sources */,
				DFA440431F79E74C005F706E /* ComplexityFilter.swift in Sources */,
				DFC0245D201E567B00F694BB /* EnumCollection.swift in Sources */,
				DF95B9611F6B621000537DBE /* PlayDurationFilter.swift in Sources */,
				DFE1596A20F47A7B006F63E4 /* Game+CoreDataProperties.swift in Sources */,
				DFF7C8551F24F60F00443A6C /* GameTableViewController.swift in Sources */,
				DF3B1B231F003E4F00E4E8F7 /* ViewController.swift in Sources */,
				DFE1596620F467E6006F63E4 /* URLValueTransformer.swift in Sources */,
				DFF7C85C1F257DA400443A6C /* PlayerCountController.swift in Sources */,
				DF8582571F677B0A00543AB8 /* FilterTemplate.swift in Sources */,
				DFF7C8591F257CA700443A6C /* FilterViewController.swift in Sources */,
				DFDA7143221A203100D69DF8 /* StoryboardInitializable.swift in Sources */,
				DFF313291F0F329C00A48FD0 /* Game.swift in Sources */,
				DFF62463221B288A006DBBAD /* CollectionViewModel.swift in Sources */,
				DFF62467221B7284006DBBAD /* BoardGameGeekAPIV2.swift in Sources */,
				DFE1594C20F11D83006F63E4 /* GameTableViewCell.swift in Sources */,
				DFF62452221A6DD1006DBBAD /* CollectionPickerCoordinator.swift in Sources */,
				DFF62461221B27F1006DBBAD /* CollectionCoordinator.swift in Sources */,
				DFF6244E221A6C43006DBBAD /* AppCoordinator.swift in Sources */,
				DFDA7141221A1FED00D69DF8 /* BaseCoordinator.swift in Sources */,
				DFF6245C221B2559006DBBAD /* CollectionPickerViewController.swift in Sources */,
				DF8582591F677F7800543AB8 /* GameCategoryFilter.swift in Sources */,
				DF95B9631F6ECF1900537DBE /* GameComplexity.swift in Sources */,
				DFF313271F004DB000A48FD0 /* User.swift in Sources */,
				DFF62454221A6E4B006DBBAD /* CollectionPickerViewModel.swift in Sources */,
				DFC803071F9CF55C008A6851 /* HeaderTableViewCell.swift in Sources */,
				DF3B1B211F003E4F00E4E8F7 /* AppDelegate.swift in Sources */,
				DFE1596920F47A7B006F63E4 /* Game+CoreDataClass.swift in Sources */,
				DFECC9A31F68D69F00077A6C /* GameMechanicFilter.swift in Sources */,
				DFF62456221A70FC006DBBAD /* CollectionModel.swift in Sources */,
				DFF62458221A7B77006DBBAD /* CollectionSourceModel.swift in Sources */,
				DF816ABC1F8B0ED30037ADA9 /* GameViewController.swift in Sources */,
				DFECC9AF1F69FFB400077A6C /* MockData.swift in Sources */,
				DFF6245E221B25E9006DBBAD /* ViewModelDependent.swift in Sources */,
				DFE1596420F45C2C006F63E4 /* WhatToPlay.xcdatamodeld in Sources */,
			);
			runOnlyForDeploymentPostprocessing = 0;
		};
		DF3B1B301F003E4F00E4E8F7 /* Sources */ = {
			isa = PBXSourcesBuildPhase;
			buildActionMask = 2147483647;
			files = (
				DF3B1B391F003E4F00E4E8F7 /* WhatToPlayTests.swift in Sources */,
				DFF7C8531F23AE7800443A6C /* GameTestData.swift in Sources */,
				DF95B9661F6EDA2A00537DBE /* GameComplexityTests.swift in Sources */,
				DFF7C8511F23AE5D00443A6C /* CollectionTests.swift in Sources */,
				DFF7C84F1F1EE3FE00443A6C /* GameTests.swift in Sources */,
			);
			runOnlyForDeploymentPostprocessing = 0;
		};
		DF3B1B3B1F003E4F00E4E8F7 /* Sources */ = {
			isa = PBXSourcesBuildPhase;
			buildActionMask = 2147483647;
			files = (
				DF3B1B441F003E4F00E4E8F7 /* WhatToPlayUITests.swift in Sources */,
			);
			runOnlyForDeploymentPostprocessing = 0;
		};
/* End PBXSourcesBuildPhase section */

/* Begin PBXTargetDependency section */
		DF3B1B361F003E4F00E4E8F7 /* PBXTargetDependency */ = {
			isa = PBXTargetDependency;
			target = DF3B1B1C1F003E4F00E4E8F7 /* WhatToPlay */;
			targetProxy = DF3B1B351F003E4F00E4E8F7 /* PBXContainerItemProxy */;
		};
		DF3B1B411F003E4F00E4E8F7 /* PBXTargetDependency */ = {
			isa = PBXTargetDependency;
			target = DF3B1B1C1F003E4F00E4E8F7 /* WhatToPlay */;
			targetProxy = DF3B1B401F003E4F00E4E8F7 /* PBXContainerItemProxy */;
		};
/* End PBXTargetDependency section */

/* Begin PBXVariantGroup section */
		DF3B1B241F003E4F00E4E8F7 /* Main.storyboard */ = {
			isa = PBXVariantGroup;
			children = (
				DF3B1B251F003E4F00E4E8F7 /* Base */,
			);
			name = Main.storyboard;
			sourceTree = "<group>";
		};
		DF3B1B2C1F003E4F00E4E8F7 /* LaunchScreen.storyboard */ = {
			isa = PBXVariantGroup;
			children = (
				DF3B1B2D1F003E4F00E4E8F7 /* Base */,
			);
			name = LaunchScreen.storyboard;
			sourceTree = "<group>";
		};
/* End PBXVariantGroup section */

/* Begin XCBuildConfiguration section */
		DF3B1B461F003E4F00E4E8F7 /* Debug */ = {
			isa = XCBuildConfiguration;
			buildSettings = {
				ALWAYS_SEARCH_USER_PATHS = NO;
				CLANG_ANALYZER_NONNULL = YES;
				CLANG_ANALYZER_NUMBER_OBJECT_CONVERSION = YES_AGGRESSIVE;
				CLANG_CXX_LANGUAGE_STANDARD = "gnu++0x";
				CLANG_CXX_LIBRARY = "libc++";
				CLANG_ENABLE_MODULES = YES;
				CLANG_ENABLE_OBJC_ARC = YES;
				CLANG_WARN_BLOCK_CAPTURE_AUTORELEASING = YES;
				CLANG_WARN_BOOL_CONVERSION = YES;
				CLANG_WARN_COMMA = YES;
				CLANG_WARN_CONSTANT_CONVERSION = YES;
				CLANG_WARN_DIRECT_OBJC_ISA_USAGE = YES_ERROR;
				CLANG_WARN_DOCUMENTATION_COMMENTS = YES;
				CLANG_WARN_EMPTY_BODY = YES;
				CLANG_WARN_ENUM_CONVERSION = YES;
				CLANG_WARN_INFINITE_RECURSION = YES;
				CLANG_WARN_INT_CONVERSION = YES;
				CLANG_WARN_NON_LITERAL_NULL_CONVERSION = YES;
				CLANG_WARN_OBJC_LITERAL_CONVERSION = YES;
				CLANG_WARN_OBJC_ROOT_CLASS = YES_ERROR;
				CLANG_WARN_RANGE_LOOP_ANALYSIS = YES;
				CLANG_WARN_STRICT_PROTOTYPES = YES;
				CLANG_WARN_SUSPICIOUS_MOVE = YES;
				CLANG_WARN_UNREACHABLE_CODE = YES;
				CLANG_WARN__DUPLICATE_METHOD_MATCH = YES;
				"CODE_SIGN_IDENTITY[sdk=iphoneos*]" = "iPhone Developer";
				COPY_PHASE_STRIP = NO;
				DEBUG_INFORMATION_FORMAT = dwarf;
				ENABLE_STRICT_OBJC_MSGSEND = YES;
				ENABLE_TESTABILITY = YES;
				GCC_C_LANGUAGE_STANDARD = gnu99;
				GCC_DYNAMIC_NO_PIC = NO;
				GCC_NO_COMMON_BLOCKS = YES;
				GCC_OPTIMIZATION_LEVEL = 0;
				GCC_PREPROCESSOR_DEFINITIONS = (
					"DEBUG=1",
					"$(inherited)",
				);
				GCC_WARN_64_TO_32_BIT_CONVERSION = YES;
				GCC_WARN_ABOUT_RETURN_TYPE = YES_ERROR;
				GCC_WARN_UNDECLARED_SELECTOR = YES;
				GCC_WARN_UNINITIALIZED_AUTOS = YES_AGGRESSIVE;
				GCC_WARN_UNUSED_FUNCTION = YES;
				GCC_WARN_UNUSED_VARIABLE = YES;
				IPHONEOS_DEPLOYMENT_TARGET = 10.3;
				MTL_ENABLE_DEBUG_INFO = YES;
				ONLY_ACTIVE_ARCH = YES;
				SDKROOT = iphoneos;
				SWIFT_ACTIVE_COMPILATION_CONDITIONS = DEBUG;
				SWIFT_OPTIMIZATION_LEVEL = "-Onone";
				TARGETED_DEVICE_FAMILY = "1,2";
			};
			name = Debug;
		};
		DF3B1B471F003E4F00E4E8F7 /* Release */ = {
			isa = XCBuildConfiguration;
			buildSettings = {
				ALWAYS_SEARCH_USER_PATHS = NO;
				CLANG_ANALYZER_NONNULL = YES;
				CLANG_ANALYZER_NUMBER_OBJECT_CONVERSION = YES_AGGRESSIVE;
				CLANG_CXX_LANGUAGE_STANDARD = "gnu++0x";
				CLANG_CXX_LIBRARY = "libc++";
				CLANG_ENABLE_MODULES = YES;
				CLANG_ENABLE_OBJC_ARC = YES;
				CLANG_WARN_BLOCK_CAPTURE_AUTORELEASING = YES;
				CLANG_WARN_BOOL_CONVERSION = YES;
				CLANG_WARN_COMMA = YES;
				CLANG_WARN_CONSTANT_CONVERSION = YES;
				CLANG_WARN_DIRECT_OBJC_ISA_USAGE = YES_ERROR;
				CLANG_WARN_DOCUMENTATION_COMMENTS = YES;
				CLANG_WARN_EMPTY_BODY = YES;
				CLANG_WARN_ENUM_CONVERSION = YES;
				CLANG_WARN_INFINITE_RECURSION = YES;
				CLANG_WARN_INT_CONVERSION = YES;
				CLANG_WARN_NON_LITERAL_NULL_CONVERSION = YES;
				CLANG_WARN_OBJC_LITERAL_CONVERSION = YES;
				CLANG_WARN_OBJC_ROOT_CLASS = YES_ERROR;
				CLANG_WARN_RANGE_LOOP_ANALYSIS = YES;
				CLANG_WARN_STRICT_PROTOTYPES = YES;
				CLANG_WARN_SUSPICIOUS_MOVE = YES;
				CLANG_WARN_UNREACHABLE_CODE = YES;
				CLANG_WARN__DUPLICATE_METHOD_MATCH = YES;
				"CODE_SIGN_IDENTITY[sdk=iphoneos*]" = "iPhone Developer";
				COPY_PHASE_STRIP = NO;
				DEBUG_INFORMATION_FORMAT = "dwarf-with-dsym";
				ENABLE_NS_ASSERTIONS = NO;
				ENABLE_STRICT_OBJC_MSGSEND = YES;
				GCC_C_LANGUAGE_STANDARD = gnu99;
				GCC_NO_COMMON_BLOCKS = YES;
				GCC_WARN_64_TO_32_BIT_CONVERSION = YES;
				GCC_WARN_ABOUT_RETURN_TYPE = YES_ERROR;
				GCC_WARN_UNDECLARED_SELECTOR = YES;
				GCC_WARN_UNINITIALIZED_AUTOS = YES_AGGRESSIVE;
				GCC_WARN_UNUSED_FUNCTION = YES;
				GCC_WARN_UNUSED_VARIABLE = YES;
				IPHONEOS_DEPLOYMENT_TARGET = 10.3;
				MTL_ENABLE_DEBUG_INFO = NO;
				SDKROOT = iphoneos;
				SWIFT_COMPILATION_MODE = wholemodule;
				SWIFT_OPTIMIZATION_LEVEL = "-O";
				TARGETED_DEVICE_FAMILY = "1,2";
				VALIDATE_PRODUCT = YES;
			};
			name = Release;
		};
		DF3B1B491F003E4F00E4E8F7 /* Debug */ = {
			isa = XCBuildConfiguration;
			buildSettings = {
				ASSETCATALOG_COMPILER_APPICON_NAME = AppIcon;
				DEVELOPMENT_TEAM = NP49CSYMEP;
				INFOPLIST_FILE = WhatToPlay/Info.plist;
				IPHONEOS_DEPLOYMENT_TARGET = 13.0;
				LD_RUNPATH_SEARCH_PATHS = (
					"$(inherited)",
					"@executable_path/Frameworks",
				);
				PRODUCT_BUNDLE_IDENTIFIER = com.rlasante.WhatToPlay;
				PRODUCT_NAME = "$(TARGET_NAME)";
				SWIFT_VERSION = 5.0;
			};
			name = Debug;
		};
		DF3B1B4A1F003E4F00E4E8F7 /* Release */ = {
			isa = XCBuildConfiguration;
			buildSettings = {
				ASSETCATALOG_COMPILER_APPICON_NAME = AppIcon;
				DEVELOPMENT_TEAM = NP49CSYMEP;
				INFOPLIST_FILE = WhatToPlay/Info.plist;
				IPHONEOS_DEPLOYMENT_TARGET = 13.0;
				LD_RUNPATH_SEARCH_PATHS = (
					"$(inherited)",
					"@executable_path/Frameworks",
				);
				PRODUCT_BUNDLE_IDENTIFIER = com.rlasante.WhatToPlay;
				PRODUCT_NAME = "$(TARGET_NAME)";
				SWIFT_VERSION = 5.0;
			};
			name = Release;
		};
		DF3B1B4C1F003E4F00E4E8F7 /* Debug */ = {
			isa = XCBuildConfiguration;
			buildSettings = {
				ALWAYS_EMBED_SWIFT_STANDARD_LIBRARIES = YES;
				BUNDLE_LOADER = "$(TEST_HOST)";
				DEVELOPMENT_TEAM = NP49CSYMEP;
				INFOPLIST_FILE = WhatToPlayTests/Info.plist;
				LD_RUNPATH_SEARCH_PATHS = (
					"$(inherited)",
					"@executable_path/Frameworks",
					"@loader_path/Frameworks",
				);
				PRODUCT_BUNDLE_IDENTIFIER = com.rlasante.WhatToPlayTests;
				PRODUCT_NAME = "$(TARGET_NAME)";
				SWIFT_VERSION = 3.0;
				TEST_HOST = "$(BUILT_PRODUCTS_DIR)/WhatToPlay.app/WhatToPlay";
			};
			name = Debug;
		};
		DF3B1B4D1F003E4F00E4E8F7 /* Release */ = {
			isa = XCBuildConfiguration;
			buildSettings = {
				ALWAYS_EMBED_SWIFT_STANDARD_LIBRARIES = YES;
				BUNDLE_LOADER = "$(TEST_HOST)";
				DEVELOPMENT_TEAM = NP49CSYMEP;
				INFOPLIST_FILE = WhatToPlayTests/Info.plist;
				LD_RUNPATH_SEARCH_PATHS = (
					"$(inherited)",
					"@executable_path/Frameworks",
					"@loader_path/Frameworks",
				);
				PRODUCT_BUNDLE_IDENTIFIER = com.rlasante.WhatToPlayTests;
				PRODUCT_NAME = "$(TARGET_NAME)";
				SWIFT_VERSION = 3.0;
				TEST_HOST = "$(BUILT_PRODUCTS_DIR)/WhatToPlay.app/WhatToPlay";
			};
			name = Release;
		};
		DF3B1B4F1F003E4F00E4E8F7 /* Debug */ = {
			isa = XCBuildConfiguration;
			buildSettings = {
				ALWAYS_EMBED_SWIFT_STANDARD_LIBRARIES = YES;
				DEVELOPMENT_TEAM = NP49CSYMEP;
				INFOPLIST_FILE = WhatToPlayUITests/Info.plist;
				LD_RUNPATH_SEARCH_PATHS = (
					"$(inherited)",
					"@executable_path/Frameworks",
					"@loader_path/Frameworks",
				);
				PRODUCT_BUNDLE_IDENTIFIER = com.rlasante.WhatToPlayUITests;
				PRODUCT_NAME = "$(TARGET_NAME)";
				SWIFT_VERSION = 3.0;
				TEST_TARGET_NAME = WhatToPlay;
			};
			name = Debug;
		};
		DF3B1B501F003E4F00E4E8F7 /* Release */ = {
			isa = XCBuildConfiguration;
			buildSettings = {
				ALWAYS_EMBED_SWIFT_STANDARD_LIBRARIES = YES;
				DEVELOPMENT_TEAM = NP49CSYMEP;
				INFOPLIST_FILE = WhatToPlayUITests/Info.plist;
				LD_RUNPATH_SEARCH_PATHS = (
					"$(inherited)",
					"@executable_path/Frameworks",
					"@loader_path/Frameworks",
				);
				PRODUCT_BUNDLE_IDENTIFIER = com.rlasante.WhatToPlayUITests;
				PRODUCT_NAME = "$(TARGET_NAME)";
				SWIFT_VERSION = 3.0;
				TEST_TARGET_NAME = WhatToPlay;
			};
			name = Release;
		};
/* End XCBuildConfiguration section */

/* Begin XCConfigurationList section */
		DF3B1B181F003E4F00E4E8F7 /* Build configuration list for PBXProject "WhatToPlay" */ = {
			isa = XCConfigurationList;
			buildConfigurations = (
				DF3B1B461F003E4F00E4E8F7 /* Debug */,
				DF3B1B471F003E4F00E4E8F7 /* Release */,
			);
			defaultConfigurationIsVisible = 0;
			defaultConfigurationName = Release;
		};
		DF3B1B481F003E4F00E4E8F7 /* Build configuration list for PBXNativeTarget "WhatToPlay" */ = {
			isa = XCConfigurationList;
			buildConfigurations = (
				DF3B1B491F003E4F00E4E8F7 /* Debug */,
				DF3B1B4A1F003E4F00E4E8F7 /* Release */,
			);
			defaultConfigurationIsVisible = 0;
			defaultConfigurationName = Release;
		};
		DF3B1B4B1F003E4F00E4E8F7 /* Build configuration list for PBXNativeTarget "WhatToPlayTests" */ = {
			isa = XCConfigurationList;
			buildConfigurations = (
				DF3B1B4C1F003E4F00E4E8F7 /* Debug */,
				DF3B1B4D1F003E4F00E4E8F7 /* Release */,
			);
			defaultConfigurationIsVisible = 0;
			defaultConfigurationName = Release;
		};
		DF3B1B4E1F003E4F00E4E8F7 /* Build configuration list for PBXNativeTarget "WhatToPlayUITests" */ = {
			isa = XCConfigurationList;
			buildConfigurations = (
				DF3B1B4F1F003E4F00E4E8F7 /* Debug */,
				DF3B1B501F003E4F00E4E8F7 /* Release */,
			);
			defaultConfigurationIsVisible = 0;
			defaultConfigurationName = Release;
		};
/* End XCConfigurationList section */

/* Begin XCRemoteSwiftPackageReference section */
		DF0A09FC2339BBC700A7360D /* XCRemoteSwiftPackageReference "Alamofire" */ = {
			isa = XCRemoteSwiftPackageReference;
			repositoryURL = "https://github.com/Alamofire/Alamofire";
			requirement = {
				kind = upToNextMajorVersion;
				minimumVersion = 4.9.0;
			};
		};
		DF0A09FF2339BBF700A7360D /* XCRemoteSwiftPackageReference "AlamofireImage" */ = {
			isa = XCRemoteSwiftPackageReference;
			repositoryURL = "https://github.com/Alamofire/AlamofireImage";
			requirement = {
				kind = upToNextMajorVersion;
				minimumVersion = 3.5.2;
			};
		};
		DF0A0A022339BCC700A7360D /* XCRemoteSwiftPackageReference "SWXMLHash" */ = {
			isa = XCRemoteSwiftPackageReference;
			repositoryURL = "https://github.com/drmohundro/SWXMLHash";
			requirement = {
				kind = upToNextMajorVersion;
				minimumVersion = 5.0.1;
			};
		};
		DF0A0A052339BCF400A7360D /* XCRemoteSwiftPackageReference "Material" */ = {
			isa = XCRemoteSwiftPackageReference;
			repositoryURL = "https://github.com/CosmicMind/Material";
			requirement = {
				kind = upToNextMajorVersion;
				minimumVersion = 3.1.8;
			};
		};
		DF0A0A082339BD1600A7360D /* XCRemoteSwiftPackageReference "Motion" */ = {
			isa = XCRemoteSwiftPackageReference;
			repositoryURL = "https://github.com/CosmicMind/Motion";
			requirement = {
				kind = upToNextMajorVersion;
				minimumVersion = 3.1.3;
			};
		};
		DF0A0A0B2339BD6E00A7360D /* XCRemoteSwiftPackageReference "PMKAlamofire" */ = {
			isa = XCRemoteSwiftPackageReference;
			repositoryURL = "https://github.com/PromiseKit/PMKAlamofire";
			requirement = {
				kind = upToNextMajorVersion;
				minimumVersion = 3.2.4;
			};
		};
/* End XCRemoteSwiftPackageReference section */

/* Begin XCSwiftPackageProductDependency section */
		DF0A09FD2339BBC700A7360D /* Alamofire */ = {
			isa = XCSwiftPackageProductDependency;
			package = DF0A09FC2339BBC700A7360D /* XCRemoteSwiftPackageReference "Alamofire" */;
			productName = Alamofire;
		};
		DF0A0A002339BBF700A7360D /* AlamofireImage */ = {
			isa = XCSwiftPackageProductDependency;
			package = DF0A09FF2339BBF700A7360D /* XCRemoteSwiftPackageReference "AlamofireImage" */;
			productName = AlamofireImage;
		};
		DF0A0A032339BCC700A7360D /* SWXMLHash */ = {
			isa = XCSwiftPackageProductDependency;
			package = DF0A0A022339BCC700A7360D /* XCRemoteSwiftPackageReference "SWXMLHash" */;
			productName = SWXMLHash;
		};
		DF0A0A062339BCF400A7360D /* Material */ = {
			isa = XCSwiftPackageProductDependency;
			package = DF0A0A052339BCF400A7360D /* XCRemoteSwiftPackageReference "Material" */;
			productName = Material;
		};
		DF0A0A092339BD1600A7360D /* Motion */ = {
			isa = XCSwiftPackageProductDependency;
			package = DF0A0A082339BD1600A7360D /* XCRemoteSwiftPackageReference "Motion" */;
			productName = Motion;
		};
		DF0A0A0C2339BD6E00A7360D /* PMKAlamofire */ = {
			isa = XCSwiftPackageProductDependency;
			package = DF0A0A0B2339BD6E00A7360D /* XCRemoteSwiftPackageReference "PMKAlamofire" */;
			productName = PMKAlamofire;
		};
/* End XCSwiftPackageProductDependency section */

/* Begin XCVersionGroup section */
		DFE1596220F45C2C006F63E4 /* WhatToPlay.xcdatamodeld */ = {
			isa = XCVersionGroup;
			children = (
				DFE1596320F45C2C006F63E4 /* Model.xcdatamodel */,
			);
			currentVersion = DFE1596320F45C2C006F63E4 /* Model.xcdatamodel */;
			path = WhatToPlay.xcdatamodeld;
			sourceTree = "<group>";
			versionGroupType = wrapper.xcdatamodel;
		};
/* End XCVersionGroup section */
	};
	rootObject = DF3B1B151F003E4F00E4E8F7 /* Project object */;
}
